
Microsoft Visual Studio Solution File, Format Version 12.00
# Visual Studio Version 17
VisualStudioVersion = 17.6.33801.468
MinimumVisualStudioVersion = 10.0.40219.1
Project("{FAE04EC0-301F-11D3-BF4B-00C04F79EFBC}") = "PingStreamer", "PingStreamer.csproj", "{F44BE0AE-A809-4018-86B4-CB11DF1DB434}"
EndProject
Global
	GlobalSection(SolutionConfigurationPlatforms) = preSolution
		Debug|Any CPU = Debug|Any CPU
		Release|Any CPU = Release|Any CPU
	EndGlobalSection
	GlobalSection(ProjectConfigurationPlatforms) = postSolution
		{F44BE0AE-A809-4018-86B4-CB11DF1DB434}.Debug|Any CPU.ActiveCfg = Debug|Any CPU
		{F44BE0AE-A809-4018-86B4-CB11DF1DB434}.Debug|Any CPU.Build.0 = Debug|Any CPU
		{F44BE0AE-A809-4018-86B4-CB11DF1DB434}.Release|Any CPU.ActiveCfg = Release|Any CPU
		{F44BE0AE-A809-4018-86B4-CB11DF1DB434}.Release|Any CPU.Build.0 = Release|Any CPU
	EndGlobalSection
	GlobalSection(SolutionProperties) = preSolution
		HideSolutionNode = FALSE
	EndGlobalSection
	GlobalSection(ExtensibilityGlobals) = postSolution
		SolutionGuid = {464BDC8D-9A0F-4957-8B1F-878D8B62F248}
	EndGlobalSection
EndGlobal
